{
  "name": "web",
  "lockfileVersion": 2,
  "requires": true,
  "packages": {
    "": {
      "dependencies": {
        "esbuild": "^0.12.14",
        "esbuild-svelte": "^0.5.3",
        "svelte": "~3.38.2",
        "svelte-cross-unit": "^0.1.1"
      }
    },
    "node_modules/esbuild": {
      "version": "0.12.19",
      "resolved": "https://registry.npmjs.org/esbuild/-/esbuild-0.12.19.tgz",
      "integrity": "sha512-5NuT1G6THW7l3fsSCDkcPepn24R0XtyPjKoqKHD8LfhqMXzCdz0mrS9HgO6hIhzVT7zt0T+JGbzCqF5AH8hS9w==",
      "hasInstallScript": true,
      "license": "MIT",
      "bin": {
        "esbuild": "bin/esbuild"
      }
    },
    "node_modules/esbuild-svelte": {
      "version": "0.5.4",
      "resolved": "https://registry.npmjs.org/esbuild-svelte/-/esbuild-svelte-0.5.4.tgz",
      "integrity": "sha512-7QgDYfnRW8U/oMo/eaVXr0Ptm/LRugziXMRvg3RGA2MB7dWyc/gYEdf2KThkHeYFFTFAmY7Ujg32gKrmHQE3qw==",
      "license": "MIT",
      "dependencies": {
        "svelte": "^3.42.1"
      },
      "peerDependencies": {
        "esbuild": ">=0.9.6"
      }
    },
    "node_modules/esbuild-svelte/node_modules/svelte": {
      "version": "3.42.1",
      "resolved": "https://registry.npmjs.org/svelte/-/svelte-3.42.1.tgz",
      "integrity": "sha512-XtExLd2JAU3T7M2g/DkO3UNj/3n1WdTXrfL63OZ5nZq7nAqd9wQw+lR4Pv/wkVbrWbAIPfLDX47UjFdmnY+YtQ==",
      "license": "MIT",
      "engines": {
        "node": ">= 8"
      }
    },
    "node_modules/svelte": {
      "version": "3.38.3",
      "resolved": "https://registry.npmjs.org/svelte/-/svelte-3.38.3.tgz",
      "integrity": "sha512-N7bBZJH0iF24wsalFZF+fVYMUOigaAUQMIcEKHO3jstK/iL8VmP9xE+P0/a76+FkNcWt+TDv2Gx1taUoUscrvw==",
      "license": "MIT",
      "engines": {
        "node": ">= 8"
      }
    },
    "node_modules/svelte-cross-unit": {
      "version": "0.1.1",
      "resolved": "https://registry.npmjs.org/svelte-cross-unit/-/svelte-cross-unit-0.1.1.tgz",
      "integrity": "sha512-sjcIld3B0oiSUusUWm2ta4hkOCtJ/wPxDyL12UtZiyHxhRdPkRpx1fQ98T46p0F0YbVvi0JtWglF7EWz5Z9STA=="
    }
  },
  "dependencies": {
    "esbuild": {
      "version": "0.12.19",
      "resolved": "https://registry.npmjs.org/esbuild/-/esbuild-0.12.19.tgz",
      "integrity": "sha512-5NuT1G6THW7l3fsSCDkcPepn24R0XtyPjKoqKHD8LfhqMXzCdz0mrS9HgO6hIhzVT7zt0T+JGbzCqF5AH8hS9w=="
    },
    "esbuild-svelte": {
      "version": "0.5.4",
      "resolved": "https://registry.npmjs.org/esbuild-svelte/-/esbuild-svelte-0.5.4.tgz",
      "integrity": "sha512-7QgDYfnRW8U/oMo/eaVXr0Ptm/LRugziXMRvg3RGA2MB7dWyc/gYEdf2KThkHeYFFTFAmY7Ujg32gKrmHQE3qw==",
      "requires": {
        "svelte": "^3.42.1"
      },
      "dependencies": {
        "svelte": {
          "version": "3.42.1",
          "resolved": "https://registry.npmjs.org/svelte/-/svelte-3.42.1.tgz",
          "integrity": "sha512-XtExLd2JAU3T7M2g/DkO3UNj/3n1WdTXrfL63OZ5nZq7nAqd9wQw+lR4Pv/wkVbrWbAIPfLDX47UjFdmnY+YtQ=="
        }
      }
    },
    "svelte": {
      "version": "3.38.3",
      "resolved": "https://registry.npmjs.org/svelte/-/svelte-3.38.3.tgz",
      "integrity": "sha512-N7bBZJH0iF24wsalFZF+fVYMUOigaAUQMIcEKHO3jstK/iL8VmP9xE+P0/a76+FkNcWt+TDv2Gx1taUoUscrvw=="
    },
    "svelte-cross-unit": {
      "version": "0.1.1",
      "resolved": "https://registry.npmjs.org/svelte-cross-unit/-/svelte-cross-unit-0.1.1.tgz",
      "integrity": "sha512-sjcIld3B0oiSUusUWm2ta4hkOCtJ/wPxDyL12UtZiyHxhRdPkRpx1fQ98T46p0F0YbVvi0JtWglF7EWz5Z9STA=="
    }
  }
}
