# THIS IS AN AUTOGENERATED FILE. DO NOT EDIT THIS FILE DIRECTLY.
# yarn lockfile v1


esbuild-svelte@^0.5.3:
  version "0.5.4"
  resolved "https://registry.yarnpkg.com/esbuild-svelte/-/esbuild-svelte-0.5.4.tgz#8afc4445c89ed1183aa401fd09f0edbe729c6a64"
  integrity sha512-7QgDYfnRW8U/oMo/eaVXr0Ptm/LRugziXMRvg3RGA2MB7dWyc/gYEdf2KThkHeYFFTFAmY7Ujg32gKrmHQE3qw==
  dependencies:
    svelte "^3.42.1"

esbuild@^0.12.14:
  version "0.12.22"
  resolved "https://registry.yarnpkg.com/esbuild/-/esbuild-0.12.22.tgz#6031a1257b8d0307d306bed673b79c3668607f51"
  integrity sha512-yWCr9RoFehpqoe/+MwZXJpYOEIt7KOEvNnjIeMZpMSyQt+KCBASM3y7yViiN5dJRphf1wGdUz1+M4rTtWd/ulA==

svelte@^3.39.0, svelte@^3.42.1:
  version "3.42.2"
  resolved "https://registry.yarnpkg.com/svelte/-/svelte-3.42.2.tgz#0246c175c820c1aeca07300c48573a15aae3c1e4"
  integrity sha512-FOyNYKXb8wdE0Ot+Ctt2/OyDLsNBP8+V6PUE9ag6ZKeLslIou0LnMu1fhtWUA+HjzKTbAM1yj+4PFLtg/3pMJA==
