# THIS IS AN AUTOGENERATED FILE. DO NOT EDIT THIS FILE DIRECTLY.
# yarn lockfile v1


esbuild-svelte@^0.5.3:
  version "0.5.4"
  resolved "https://registry.npmjs.org/esbuild-svelte/-/esbuild-svelte-0.5.4.tgz"
  integrity sha512-7QgDYfnRW8U/oMo/eaVXr0Ptm/LRugziXMRvg3RGA2MB7dWyc/gYEdf2KThkHeYFFTFAmY7Ujg32gKrmHQE3qw==
  dependencies:
    svelte "^3.42.1"

esbuild@^0.12.14:
  version "0.12.19"
  resolved "https://registry.npmjs.org/esbuild/-/esbuild-0.12.19.tgz"
  integrity sha512-5NuT1G6THW7l3fsSCDkcPepn24R0XtyPjKoqKHD8LfhqMXzCdz0mrS9HgO6hIhzVT7zt0T+JGbzCqF5AH8hS9w==

svelte-cross-unit@0.2.0:
  version "0.2.0"
  resolved "https://registry.yarnpkg.com/svelte-cross-unit/-/svelte-cross-unit-0.2.0.tgz#1194569dd7c796d55d5617a2231dc048a76f6232"
  integrity sha512-60Iiu8rrskEZWFstHdqpmHcBjoDRWAeEaI+nOFhaf6Z/uG7EliiTiE/cLxWmlBdhM2eqovFY62mS64Dk43zs5Q==

svelte@^3.42.1:
  version "3.42.1"
  resolved "https://registry.npmjs.org/svelte/-/svelte-3.42.1.tgz"
  integrity sha512-XtExLd2JAU3T7M2g/DkO3UNj/3n1WdTXrfL63OZ5nZq7nAqd9wQw+lR4Pv/wkVbrWbAIPfLDX47UjFdmnY+YtQ==

svelte@~3.38.2:
  version "3.38.3"
  resolved "https://registry.npmjs.org/svelte/-/svelte-3.38.3.tgz"
  integrity sha512-N7bBZJH0iF24wsalFZF+fVYMUOigaAUQMIcEKHO3jstK/iL8VmP9xE+P0/a76+FkNcWt+TDv2Gx1taUoUscrvw==
